
Microsoft Visual Studio Solution File, Format Version 12.00
# Visual Studio Version 17
VisualStudioVersion = 17.14.36717.8
MinimumVisualStudioVersion = 10.0.40219.1
Project("{FAE04EC0-301F-11D3-BF4B-00C04F79EFBC}") = "CoursePlatform.API", "CoursePlatform.API\CoursePlatform.API.csproj", "{9E90E625-119B-4FEE-AA94-990E20AB5B7E}"
EndProject
Project("{FAE04EC0-301F-11D3-BF4B-00C04F79EFBC}") = "CoursePlatform.Infrastructure", "CoursePlatform.Infrastructure\CoursePlatform.Infrastructure.csproj", "{C0ABB26A-052D-46B9-9152-9295C29BF787}"
EndProject
Project("{FAE04EC0-301F-11D3-BF4B-00C04F79EFBC}") = "CoursePlatform.Application", "CoursePlatform.Application\CoursePlatform.Application.csproj", "{49596786-8A88-4344-A995-9D38B21926EF}"
EndProject
Project("{FAE04EC0-301F-11D3-BF4B-00C04F79EFBC}") = "CoursePlatform.Domain", "CoursePlatform.Domain\CoursePlatform.Domain.csproj", "{04F3AE86-9A62-4A60-99C1-AD67064F9C8E}"
EndProject
Project("{2150E333-8FDC-42A3-9474-1A3956D46DE8}") = "Solution Items", "Solution Items", "{8EC462FD-D22E-90A8-E5CE-7E832BA40C5D}"
EndProject
Global
	GlobalSection(SolutionConfigurationPlatforms) = preSolution
		Debug|Any CPU = Debug|Any CPU
		Release|Any CPU = Release|Any CPU
	EndGlobalSection
	GlobalSection(ProjectConfigurationPlatforms) = postSolution
		{9E90E625-119B-4FEE-AA94-990E20AB5B7E}.Debug|Any CPU.ActiveCfg = Debug|Any CPU
		{9E90E625-119B-4FEE-AA94-990E20AB5B7E}.Debug|Any CPU.Build.0 = Debug|Any CPU
		{9E90E625-119B-4FEE-AA94-990E20AB5B7E}.Release|Any CPU.ActiveCfg = Release|Any CPU
		{9E90E625-119B-4FEE-AA94-990E20AB5B7E}.Release|Any CPU.Build.0 = Release|Any CPU
		{C0ABB26A-052D-46B9-9152-9295C29BF787}.Debug|Any CPU.ActiveCfg = Debug|Any CPU
		{C0ABB26A-052D-46B9-9152-9295C29BF787}.Debug|Any CPU.Build.0 = Debug|Any CPU
		{C0ABB26A-052D-46B9-9152-9295C29BF787}.Release|Any CPU.ActiveCfg = Release|Any CPU
		{C0ABB26A-052D-46B9-9152-9295C29BF787}.Release|Any CPU.Build.0 = Release|Any CPU
		{49596786-8A88-4344-A995-9D38B21926EF}.Debug|Any CPU.ActiveCfg = Debug|Any CPU
		{49596786-8A88-4344-A995-9D38B21926EF}.Debug|Any CPU.Build.0 = Debug|Any CPU
		{49596786-8A88-4344-A995-9D38B21926EF}.Release|Any CPU.ActiveCfg = Release|Any CPU
		{49596786-8A88-4344-A995-9D38B21926EF}.Release|Any CPU.Build.0 = Release|Any CPU
		{04F3AE86-9A62-4A60-99C1-AD67064F9C8E}.Debug|Any CPU.ActiveCfg = Debug|Any CPU
		{04F3AE86-9A62-4A60-99C1-AD67064F9C8E}.Debug|Any CPU.Build.0 = Debug|Any CPU
		{04F3AE86-9A62-4A60-99C1-AD67064F9C8E}.Release|Any CPU.ActiveCfg = Release|Any CPU
		{04F3AE86-9A62-4A60-99C1-AD67064F9C8E}.Release|Any CPU.Build.0 = Release|Any CPU
	EndGlobalSection
	GlobalSection(SolutionProperties) = preSolution
		HideSolutionNode = FALSE
	EndGlobalSection
	GlobalSection(ExtensibilityGlobals) = postSolution
		SolutionGuid = {CCB2BDD8-A30E-47C6-992B-0A66604DDEA8}
	EndGlobalSection
EndGlobal
